lockfileVersion: '9.0'

settings:
  autoInstallPeers: true
  excludeLinksFromLockfile: false

importers:

  .:
    devDependencies:
      typescript:
        specifier: ^5.7.2
        version: 5.9.3

  apps/desktop:
    dependencies:
      '@myagenttool/protocol':
        specifier: workspace:*
        version: link:../../packages/protocol
      '@myagenttool/shared':
        specifier: workspace:*
        version: link:../../packages/shared
    devDependencies:
      typescript:
        specifier: ^5.7.2
        version: 5.9.3

  apps/server:
    dependencies:
      '@myagenttool/protocol':
        specifier: workspace:*
        version: link:../../packages/protocol
      '@myagenttool/shared':
        specifier: workspace:*
        version: link:../../packages/shared
    devDependencies:
      typescript:
        specifier: ^5.7.2
        version: 5.9.3

  apps/web:
    dependencies:
      '@myagenttool/protocol':
        specifier: workspace:*
        version: link:../../packages/protocol
      '@myagenttool/shared':
        specifier: workspace:*
        version: link:../../packages/shared
    devDependencies:
      typescript:
        specifier: ^5.7.2
        version: 5.9.3

  packages/adapters:
    dependencies:
      '@myagenttool/protocol':
        specifier: workspace:*
        version: link:../protocol
      '@myagenttool/shared':
        specifier: workspace:*
        version: link:../shared
    devDependencies:
      typescript:
        specifier: ^5.7.2
        version: 5.9.3

  packages/protocol:
    devDependencies:
      typescript:
        specifier: ^5.7.2
        version: 5.9.3

  packages/shared:
    devDependencies:
      typescript:
        specifier: ^5.7.2
        version: 5.9.3

  tools/dev:
    devDependencies:
      typescript:
        specifier: ^5.7.2
        version: 5.9.3

  tools/docs:
    devDependencies:
      typescript:
        specifier: ^5.7.2
        version: 5.9.3

  tools/github:
    devDependencies:
      typescript:
        specifier: ^5.7.2
        version: 5.9.3

  tools/release:
    devDependencies:
      typescript:
        specifier: ^5.7.2
        version: 5.9.3

packages:

  typescript@5.9.3:
    resolution: {integrity: sha512-jl1vZzPDinLr9eUt3J/t7V6FgNEw9QjvBPdysz9KfQDD41fQrC2Y4vKQdiaUpFT4bXlb1RHhLpp8wtm6M5TgSw==}
    engines: {node: '>=14.17'}
    hasBin: true

snapshots:

  typescript@5.9.3: {}
